
Microsoft Visual Studio Solution File, Format Version 12.00
# Visual Studio 15
VisualStudioVersion = 15.0.28307.960
MinimumVisualStudioVersion = 10.0.40219.1
Project("{FAE04EC0-301F-11D3-BF4B-00C04F79EFBC}") = "MQTT Broker", "MQTT Broker\MQTT Broker.csproj", "{FD62738A-AA63-4CF6-8081-8C529CED655B}"
EndProject
Global
	GlobalSection(SolutionConfigurationPlatforms) = preSolution
		Debug|Any CPU = Debug|Any CPU
		Release|Any CPU = Release|Any CPU
	EndGlobalSection
	GlobalSection(ProjectConfigurationPlatforms) = postSolution
		{FD62738A-AA63-4CF6-8081-8C529CED655B}.Debug|Any CPU.ActiveCfg = Debug|Any CPU
		{FD62738A-AA63-4CF6-8081-8C529CED655B}.Debug|Any CPU.Build.0 = Debug|Any CPU
		{FD62738A-AA63-4CF6-8081-8C529CED655B}.Release|Any CPU.ActiveCfg = Release|Any CPU
		{FD62738A-AA63-4CF6-8081-8C529CED655B}.Release|Any CPU.Build.0 = Release|Any CPU
	EndGlobalSection
	GlobalSection(SolutionProperties) = preSolution
		HideSolutionNode = FALSE
	EndGlobalSection
	GlobalSection(ExtensibilityGlobals) = postSolution
		SolutionGuid = {A49E86CC-23C1-4A90-B0C3-3CEBB2093852}
	EndGlobalSection
EndGlobal
